
Microsoft Visual Studio Solution File, Format Version 12.00
# Visual Studio 14
VisualStudioVersion = 14.0.25420.1
MinimumVisualStudioVersion = 10.0.40219.1
Project("{FAE04EC0-301F-11D3-BF4B-00C04F79EFBC}") = "SPO.CDN.Manager", "SPO.CDN.Manager\SPO.CDN.Manager.csproj", "{625057E5-EE1F-40B6-9FED-B88C400EAD60}"
EndProject
Project("{FAE04EC0-301F-11D3-BF4B-00C04F79EFBC}") = "SPO.CDN.ManagerWeb", "SPO.CDN.ManagerWeb\SPO.CDN.ManagerWeb.csproj", "{3064B9D8-E3AA-4DB6-BEC2-9747F484C2FB}"
EndProject
Global
	GlobalSection(SolutionConfigurationPlatforms) = preSolution
		Debug|Any CPU = Debug|Any CPU
		Release|Any CPU = Release|Any CPU
	EndGlobalSection
	GlobalSection(ProjectConfigurationPlatforms) = postSolution
		{625057E5-EE1F-40B6-9FED-B88C400EAD60}.Debug|Any CPU.ActiveCfg = Debug|Any CPU
		{625057E5-EE1F-40B6-9FED-B88C400EAD60}.Debug|Any CPU.Build.0 = Debug|Any CPU
		{625057E5-EE1F-40B6-9FED-B88C400EAD60}.Debug|Any CPU.Deploy.0 = Debug|Any CPU
		{625057E5-EE1F-40B6-9FED-B88C400EAD60}.Release|Any CPU.ActiveCfg = Release|Any CPU
		{625057E5-EE1F-40B6-9FED-B88C400EAD60}.Release|Any CPU.Build.0 = Release|Any CPU
		{625057E5-EE1F-40B6-9FED-B88C400EAD60}.Release|Any CPU.Deploy.0 = Release|Any CPU
		{3064B9D8-E3AA-4DB6-BEC2-9747F484C2FB}.Debug|Any CPU.ActiveCfg = Debug|Any CPU
		{3064B9D8-E3AA-4DB6-BEC2-9747F484C2FB}.Debug|Any CPU.Build.0 = Debug|Any CPU
		{3064B9D8-E3AA-4DB6-BEC2-9747F484C2FB}.Release|Any CPU.ActiveCfg = Release|Any CPU
		{3064B9D8-E3AA-4DB6-BEC2-9747F484C2FB}.Release|Any CPU.Build.0 = Release|Any CPU
	EndGlobalSection
	GlobalSection(SolutionProperties) = preSolution
		HideSolutionNode = FALSE
	EndGlobalSection
	GlobalSection(TeamFoundationVersionControl) = preSolution
		SccNumberOfProjects = 3
		SccEnterpriseProvider = {4CA58AB2-18FA-4F8D-95D4-32DDF27D184C}
		SccTeamFoundationServer = https://vrdmn.visualstudio.com/
		SccLocalPath0 = .
		SccProjectUniqueName1 = SPO.CDN.Manager\\SPO.CDN.Manager.csproj
		SccProjectName1 = SPO.CDN.Manager
		SccLocalPath1 = SPO.CDN.Manager
		SccProjectUniqueName2 = SPO.CDN.ManagerWeb\\SPO.CDN.ManagerWeb.csproj
		SccProjectName2 = SPO.CDN.ManagerWeb
		SccLocalPath2 = SPO.CDN.ManagerWeb
	EndGlobalSection
EndGlobal
